
Microsoft Visual Studio Solution File, Format Version 12.00
# Visual Studio Version 16
VisualStudioVersion = 16.0.30523.141
MinimumVisualStudioVersion = 10.0.40219.1
Project("{FAE04EC0-301F-11D3-BF4B-00C04F79EFBC}") = "ms3", "ms3\ms3.csproj", "{AD79801B-8F6F-4E24-B611-38D6BDD22280}"
EndProject
Global
	GlobalSection(SolutionConfigurationPlatforms) = preSolution
		Debug|Any CPU = Debug|Any CPU
		Release|Any CPU = Release|Any CPU
	EndGlobalSection
	GlobalSection(ProjectConfigurationPlatforms) = postSolution
		{AD79801B-8F6F-4E24-B611-38D6BDD22280}.Debug|Any CPU.ActiveCfg = Debug|Any CPU
		{AD79801B-8F6F-4E24-B611-38D6BDD22280}.Debug|Any CPU.Build.0 = Debug|Any CPU
		{AD79801B-8F6F-4E24-B611-38D6BDD22280}.Release|Any CPU.ActiveCfg = Release|Any CPU
		{AD79801B-8F6F-4E24-B611-38D6BDD22280}.Release|Any CPU.Build.0 = Release|Any CPU
	EndGlobalSection
	GlobalSection(SolutionProperties) = preSolution
		HideSolutionNode = FALSE
	EndGlobalSection
	GlobalSection(ExtensibilityGlobals) = postSolution
		SolutionGuid = {7FA31072-A5DD-4530-9877-AF86ACE2B516}
	EndGlobalSection
EndGlobal
